
Microsoft Visual Studio Solution File, Format Version 12.00
# Visual Studio 15
VisualStudioVersion = 15.0.27130.2003
MinimumVisualStudioVersion = 10.0.40219.1
Project("{FAE04EC0-301F-11D3-BF4B-00C04F79EFBC}") = "RapidAutoPrint", "RapidAutoPrint\RapidAutoPrint.csproj", "{0BA14DBC-0B37-4EE2-B6FE-715E0D793DA3}"
EndProject
Global
	GlobalSection(SolutionConfigurationPlatforms) = preSolution
		Debug|Any CPU = Debug|Any CPU
		Release|Any CPU = Release|Any CPU
	EndGlobalSection
	GlobalSection(ProjectConfigurationPlatforms) = postSolution
		{0BA14DBC-0B37-4EE2-B6FE-715E0D793DA3}.Debug|Any CPU.ActiveCfg = Debug|Any CPU
		{0BA14DBC-0B37-4EE2-B6FE-715E0D793DA3}.Debug|Any CPU.Build.0 = Debug|Any CPU
		{0BA14DBC-0B37-4EE2-B6FE-715E0D793DA3}.Release|Any CPU.ActiveCfg = Release|Any CPU
		{0BA14DBC-0B37-4EE2-B6FE-715E0D793DA3}.Release|Any CPU.Build.0 = Release|Any CPU
	EndGlobalSection
	GlobalSection(SolutionProperties) = preSolution
		HideSolutionNode = FALSE
	EndGlobalSection
	GlobalSection(ExtensibilityGlobals) = postSolution
		SolutionGuid = {0BC8C3B2-85AB-43AD-9FA0-8FA10899BCE7}
	EndGlobalSection
EndGlobal
